{"1.2.0",
[{<<"erlsom">>,{pkg,<<"erlsom">>,<<"1.5.0">>},0},
 {<<"lfe">>,{pkg,<<"lfe">>,<<"2.0.1">>},0}]}.
[
{pkg_hash,[
 {<<"erlsom">>, <<"C5A5CDD0EE0E8DCA62BCC4B13FF08DA24FDEFC16CCD8B25282A2FDA2BA1BE24A">>},
 {<<"lfe">>, <<"C95185AC7E244EDB60C72CE96087D2D3FBC85334109B741790EF49F6A52E728A">>}]},
{pkg_hash_ext,[
 {<<"erlsom">>, <<"55A9DBF9CFA77FCFC108BD8E2C4F9F784DEA228A8F4B06EA10B684944946955A">>},
 {<<"lfe">>, <<"C3EA9732DF613186C14CAC840D25283B87914AE74D87AFCBA3230AAB41D25E9F">>}]}
].
